// !$*UTF8*$!
{
	archiveVersion = 1;
	classes = {
	};
	objectVersion = 50;
	objects = {

/* Begin PBXBuildFile section */
		561B9F4E2180DAB300BE53A1 /* AppDelegate.swift in Sources */ = {isa = PBXBuildFile; fileRef = 561B9F4D2180DAB300BE53A1 /* AppDelegate.swift */; };
		561B9F502180DAB300BE53A1 /* HomeViewController.swift in Sources */ = {isa = PBXBuildFile; fileRef = 561B9F4F2180DAB300BE53A1 /* HomeViewController.swift */; };
		561B9F532180DAB300BE53A1 /* Main.storyboard in Resources */ = {isa = PBXBuildFile; fileRef = 561B9F512180DAB300BE53A1 /* Main.storyboard */; };
		561B9F552180DAB400BE53A1 /* Assets.xcassets in Resources */ = {isa = PBXBuildFile; fileRef = 561B9F542180DAB400BE53A1 /* Assets.xcassets */; };
		561B9F582180DAB400BE53A1 /* LaunchScreen.storyboard in Resources */ = {isa = PBXBuildFile; fileRef = 561B9F562180DAB400BE53A1 /* LaunchScreen.storyboard */; };
		566186CC2180DB6600600839 /* VideoViewController.swift in Sources */ = {isa = PBXBuildFile; fileRef = 566186CB2180DB6600600839 /* VideoViewController.swift */; };
		566186CE2180DB7E00600839 /* CameraViewController.swift in Sources */ = {isa = PBXBuildFile; fileRef = 566186CD2180DB7E00600839 /* CameraViewController.swift */; };
/* End PBXBuildFile section */

/* Begin PBXFileReference section */
		561B9F4A2180DAB300BE53A1 /* StopDrunkDriving.app */ = {isa = PBXFileReference; explicitFileType = wrapper.application; includeInIndex = 0; path = StopDrunkDriving.app; sourceTree = BUILT_PRODUCTS_DIR; };
		561B9F4D2180DAB300BE53A1 /* AppDelegate.swift */ = {isa = PBXFileReference; lastKnownFileType = sourcecode.swift; path = AppDelegate.swift; sourceTree = "<group>"; };
		561B9F4F2180DAB300BE53A1 /* HomeViewController.swift */ = {isa = PBXFileReference; lastKnownFileType = sourcecode.swift; path = HomeViewController.swift; sourceTree = "<group>"; };
		561B9F522180DAB300BE53A1 /* Base */ = {isa = PBXFileReference; lastKnownFileType = file.storyboard; name = Base; path = Base.lproj/Main.storyboard; sourceTree = "<group>"; };
		561B9F542180DAB400BE53A1 /* Assets.xcassets */ = {isa = PBXFileReference; lastKnownFileType = folder.assetcatalog; path = Assets.xcassets; sourceTree = "<group>"; };
		561B9F572180DAB400BE53A1 /* Base */ = {isa = PBXFileReference; lastKnownFileType = file.storyboard; name = Base; path = Base.lproj/LaunchScreen.storyboard; sourceTree = "<group>"; };
		561B9F592180DAB400BE53A1 /* Info.plist */ = {isa = PBXFileReference; lastKnownFileType = text.plist.xml; path = Info.plist; sourceTree = "<group>"; };
		566186CB2180DB6600600839 /* VideoViewController.swift */ = {isa = PBXFileReference; lastKnownFileType = sourcecode.swift; path = VideoViewController.swift; sourceTree = "<group>"; };
		566186CD2180DB7E00600839 /* CameraViewController.swift */ = {isa = PBXFileReference; lastKnownFileType = sourcecode.swift; path = CameraViewController.swift; sourceTree = "<group>"; };
/* End PBXFileReference section */

/* Begin PBXFrameworksBuildPhase section */
		561B9F472180DAB300BE53A1 /* Frameworks */ = {
			isa = PBXFrameworksBuildPhase;
			buildActionMask = 2147483647;
			files = (
			);
			runOnlyForDeploymentPostprocessing = 0;
		};
/* End PBXFrameworksBuildPhase section */

/* Begin PBXGroup section */
		561B9F412180DAB300BE53A1 = {
			isa = PBXGroup;
			children = (
				561B9F4C2180DAB300BE53A1 /* StopDrunkDriving */,
				561B9F4B2180DAB300BE53A1 /* Products */,
			);
			sourceTree = "<group>";
		};
		561B9F4B2180DAB300BE53A1 /* Products */ = {
			isa = PBXGroup;
			children = (
				561B9F4A2180DAB300BE53A1 /* StopDrunkDriving.app */,
			);
			name = Products;
			sourceTree = "<group>";
		};
		561B9F4C2180DAB300BE53A1 /* StopDrunkDriving */ = {
			isa = PBXGroup;
			children = (
				561B9F4D2180DAB300BE53A1 /* AppDelegate.swift */,
				561B9F4F2180DAB300BE53A1 /* HomeViewController.swift */,
				566186CD2180DB7E00600839 /* CameraViewController.swift */,
				566186CB2180DB6600600839 /* VideoViewController.swift */,
				561B9F512180DAB300BE53A1 /* Main.storyboard */,
				561B9F542180DAB400BE53A1 /* Assets.xcassets */,
				561B9F562180DAB400BE53A1 /* LaunchScreen.storyboard */,
				561B9F592180DAB400BE53A1 /* Info.plist */,
			);
			path = StopDrunkDriving;
			sourceTree = "<group>";
		};
/* End PBXGroup section */

/* Begin PBXNativeTarget section */
		561B9F492180DAB300BE53A1 /* StopDrunkDriving */ = {
			isa = PBXNativeTarget;
			buildConfigurationList = 561B9F5C2180DAB400BE53A1 /* Build configuration list for PBXNativeTarget "StopDrunkDriving" */;
			buildPhases = (
				561B9F462180DAB300BE53A1 /* Sources */,
				561B9F472180DAB300BE53A1 /* Frameworks */,
				561B9F482180DAB300BE53A1 /* Resources */,
			);
			buildRules = (
			);
			dependencies = (
			);
			name = StopDrunkDriving;
			productName = StopDrunkDriving;
			productReference = 561B9F4A2180DAB300BE53A1 /* StopDrunkDriving.app */;
			productType = "com.apple.product-type.application";
		};
/* End PBXNativeTarget section */

/* Begin PBXProject section */
		561B9F422180DAB300BE53A1 /* Project object */ = {
			isa = PBXProject;
			attributes = {
				LastSwiftUpdateCheck = 1000;
				LastUpgradeCheck = 1000;
				ORGANIZATIONNAME = liang;
				TargetAttributes = {
					561B9F492180DAB300BE53A1 = {
						CreatedOnToolsVersion = 10.0;
					};
				};
			};
			buildConfigurationList = 561B9F452180DAB300BE53A1 /* Build configuration list for PBXProject "StopDrunkDriving" */;
			compatibilityVersion = "Xcode 9.3";
			developmentRegion = en;
			hasScannedForEncodings = 0;
			knownRegions = (
				en,
				Base,
			);
			mainGroup = 561B9F412180DAB300BE53A1;
			productRefGroup = 561B9F4B2180DAB300BE53A1 /* Products */;
			projectDirPath = "";
			projectRoot = "";
			targets = (
				561B9F492180DAB300BE53A1 /* StopDrunkDriving */,
			);
		};
/* End PBXProject section */

/* Begin PBXResourcesBuildPhase section */
		561B9F482180DAB300BE53A1 /* Resources */ = {
			isa = PBXResourcesBuildPhase;
			buildActionMask = 2147483647;
			files = (
				561B9F582180DAB400BE53A1 /* LaunchScreen.storyboard in Resources */,
				561B9F552180DAB400BE53A1 /* Assets.xcassets in Resources */,
				561B9F532180DAB300BE53A1 /* Main.storyboard in Resources */,
			);
			runOnlyForDeploymentPostprocessing = 0;
		};
/* End PBXResourcesBuildPhase section */

/* Begin PBXSourcesBuildPhase section */
		561B9F462180DAB300BE53A1 /* Sources */ = {
			isa = PBXSourcesBuildPhase;
			buildActionMask = 2147483647;
			files = (
				561B9F502180DAB300BE53A1 /* HomeViewController.swift in Sources */,
				566186CE2180DB7E00600839 /* CameraViewController.swift in Sources */,
				561B9F4E2180DAB300BE53A1 /* AppDelegate.swift in Sources */,
				566186CC2180DB6600600839 /* VideoViewController.swift in Sources */,
			);
			runOnlyForDeploymentPostprocessing = 0;
		};
/* End PBXSourcesBuildPhase section */

/* Begin PBXVariantGroup section */
		561B9F512180DAB300BE53A1 /* Main.storyboard */ = {
			isa = PBXVariantGroup;
			children = (
				561B9F522180DAB300BE53A1 /* Base */,
			);
			name = Main.storyboard;
			sourceTree = "<group>";
		};
		561B9F562180DAB400BE53A1 /* LaunchScreen.storyboard */ = {
			isa = PBXVariantGroup;
			children = (
				561B9F572180DAB400BE53A1 /* Base */,
			);
			name = LaunchScreen.storyboard;
			sourceTree = "<group>";
		};
/* End PBXVariantGroup section */

/* Begin XCBuildConfiguration section */
		561B9F5A2180DAB400BE53A1 /* Debug */ = {
			isa = XCBuildConfiguration;
			buildSettings = {
				ALWAYS_SEARCH_USER_PATHS = NO;
				CLANG_ANALYZER_NONNULL = YES;
				CLANG_ANALYZER_NUMBER_OBJECT_CONVERSION = YES_AGGRESSIVE;
				CLANG_CXX_LANGUAGE_STANDARD = "gnu++14";
				CLANG_CXX_LIBRARY = "libc++";
				CLANG_ENABLE_MODULES = YES;
				CLANG_ENABLE_OBJC_ARC = YES;
				CLANG_ENABLE_OBJC_WEAK = YES;
				CLANG_WARN_BLOCK_CAPTURE_AUTORELEASING = YES;
				CLANG_WARN_BOOL_CONVERSION = YES;
				CLANG_WARN_COMMA = YES;
				CLANG_WARN_CONSTANT_CONVERSION = YES;
				CLANG_WARN_DEPRECATED_OBJC_IMPLEMENTATIONS = YES;
				CLANG_WARN_DIRECT_OBJC_ISA_USAGE = YES_ERROR;
				CLANG_WARN_DOCUMENTATION_COMMENTS = YES;
				CLANG_WARN_EMPTY_BODY = YES;
				CLANG_WARN_ENUM_CONVERSION = YES;
				CLANG_WARN_INFINITE_RECURSION = YES;
				CLANG_WARN_INT_CONVERSION = YES;
				CLANG_WARN_NON_LITERAL_NULL_CONVERSION = YES;
				CLANG_WARN_OBJC_IMPLICIT_RETAIN_SELF = YES;
				CLANG_WARN_OBJC_LITERAL_CONVERSION = YES;
				CLANG_WARN_OBJC_ROOT_CLASS = YES_ERROR;
				CLANG_WARN_RANGE_LOOP_ANALYSIS = YES;
				CLANG_WARN_STRICT_PROTOTYPES = YES;
				CLANG_WARN_SUSPICIOUS_MOVE = YES;
				CLANG_WARN_UNGUARDED_AVAILABILITY = YES_AGGRESSIVE;
				CLANG_WARN_UNREACHABLE_CODE = YES;
				CLANG_WARN__DUPLICATE_METHOD_MATCH = YES;
				CODE_SIGN_IDENTITY = "iPhone Developer";
				COPY_PHASE_STRIP = NO;
				DEBUG_INFORMATION_FORMAT = dwarf;
				ENABLE_STRICT_OBJC_MSGSEND = YES;
				ENABLE_TESTABILITY = YES;
				GCC_C_LANGUAGE_STANDARD = gnu11;
				GCC_DYNAMIC_NO_PIC = NO;
				GCC_NO_COMMON_BLOCKS = YES;
				GCC_OPTIMIZATION_LEVEL = 0;
				GCC_PREPROCESSOR_DEFINITIONS = (
					"DEBUG=1",
					"$(inherited)",
				);
				GCC_WARN_64_TO_32_BIT_CONVERSION = YES;
				GCC_WARN_ABOUT_RETURN_TYPE = YES_ERROR;
				GCC_WARN_UNDECLARED_SELECTOR = YES;
				GCC_WARN_UNINITIALIZED_AUTOS = YES_AGGRESSIVE;
				GCC_WARN_UNUSED_FUNCTION = YES;
				GCC_WARN_UNUSED_VARIABLE = YES;
				IPHONEOS_DEPLOYMENT_TARGET = 12.0;
				MTL_ENABLE_DEBUG_INFO = INCLUDE_SOURCE;
				MTL_FAST_MATH = YES;
				ONLY_ACTIVE_ARCH = YES;
				SDKROOT = iphoneos;
				SWIFT_ACTIVE_COMPILATION_CONDITIONS = DEBUG;
				SWIFT_OPTIMIZATION_LEVEL = "-Onone";
			};
			name = Debug;
		};
		561B9F5B2180DAB400BE53A1 /* Release */ = {
			isa = XCBuildConfiguration;
			buildSettings = {
				ALWAYS_SEARCH_USER_PATHS = NO;
				CLANG_ANALYZER_NONNULL = YES;
				CLANG_ANALYZER_NUMBER_OBJECT_CONVERSION = YES_AGGRESSIVE;
				CLANG_CXX_LANGUAGE_STANDARD = "gnu++14";
				CLANG_CXX_LIBRARY = "libc++";
				CLANG_ENABLE_MODULES = YES;
				CLANG_ENABLE_OBJC_ARC = YES;
				CLANG_ENABLE_OBJC_WEAK = YES;
				CLANG_WARN_BLOCK_CAPTURE_AUTORELEASING = YES;
				CLANG_WARN_BOOL_CONVERSION = YES;
				CLANG_WARN_COMMA = YES;
				CLANG_WARN_CONSTANT_CONVERSION = YES;
				CLANG_WARN_DEPRECATED_OBJC_IMPLEMENTATIONS = YES;
				CLANG_WARN_DIRECT_OBJC_ISA_USAGE = YES_ERROR;
				CLANG_WARN_DOCUMENTATION_COMMENTS = YES;
				CLANG_WARN_EMPTY_BODY = YES;
				CLANG_WARN_ENUM_CONVERSION = YES;
				CLANG_WARN_INFINITE_RECURSION = YES;
				CLANG_WARN_INT_CONVERSION = YES;
				CLANG_WARN_NON_LITERAL_NULL_CONVERSION = YES;
				CLANG_WARN_OBJC_IMPLICIT_RETAIN_SELF = YES;
				CLANG_WARN_OBJC_LITERAL_CONVERSION = YES;
				CLANG_WARN_OBJC_ROOT_CLASS = YES_ERROR;
				CLANG_WARN_RANGE_LOOP_ANALYSIS = YES;
				CLANG_WARN_STRICT_PROTOTYPES = YES;
				CLANG_WARN_SUSPICIOUS_MOVE = YES;
				CLANG_WARN_UNGUARDED_AVAILABILITY = YES_AGGRESSIVE;
				CLANG_WARN_UNREACHABLE_CODE = YES;
				CLANG_WARN__DUPLICATE_METHOD_MATCH = YES;
				CODE_SIGN_IDENTITY = "iPhone Developer";
				COPY_PHASE_STRIP = NO;
				DEBUG_INFORMATION_FORMAT = "dwarf-with-dsym";
				ENABLE_NS_ASSERTIONS = NO;
				ENABLE_STRICT_OBJC_MSGSEND = YES;
				GCC_C_LANGUAGE_STANDARD = gnu11;
				GCC_NO_COMMON_BLOCKS = YES;
				GCC_WARN_64_TO_32_BIT_CONVERSION = YES;
				GCC_WARN_ABOUT_RETURN_TYPE = YES_ERROR;
				GCC_WARN_UNDECLARED_SELECTOR = YES;
				GCC_WARN_UNINITIALIZED_AUTOS = YES_AGGRESSIVE;
				GCC_WARN_UNUSED_FUNCTION = YES;
				GCC_WARN_UNUSED_VARIABLE = YES;
				IPHONEOS_DEPLOYMENT_TARGET = 12.0;
				MTL_ENABLE_DEBUG_INFO = NO;
				MTL_FAST_MATH = YES;
				SDKROOT = iphoneos;
				SWIFT_COMPILATION_MODE = wholemodule;
				SWIFT_OPTIMIZATION_LEVEL = "-O";
				VALIDATE_PRODUCT = YES;
			};
			name = Release;
		};
		561B9F5D2180DAB400BE53A1 /* Debug */ = {
			isa = XCBuildConfiguration;
			buildSettings = {
				ASSETCATALOG_COMPILER_APPICON_NAME = AppIcon;
				CODE_SIGN_STYLE = Automatic;
				DEVELOPMENT_TEAM = TKZC2ZMV35;
				INFOPLIST_FILE = StopDrunkDriving/Info.plist;
				LD_RUNPATH_SEARCH_PATHS = (
					"$(inherited)",
					"@executable_path/Frameworks",
				);
				PRODUCT_BUNDLE_IDENTIFIER = com.liang.StopDrunkDriving;
				PRODUCT_NAME = "$(TARGET_NAME)";
				SWIFT_VERSION = 4.2;
				TARGETED_DEVICE_FAMILY = "1,2";
			};
			name = Debug;
		};
		561B9F5E2180DAB400BE53A1 /* Release */ = {
			isa = XCBuildConfiguration;
			buildSettings = {
				ASSETCATALOG_COMPILER_APPICON_NAME = AppIcon;
				CODE_SIGN_STYLE = Automatic;
				DEVELOPMENT_TEAM = TKZC2ZMV35;
				INFOPLIST_FILE = StopDrunkDriving/Info.plist;
				LD_RUNPATH_SEARCH_PATHS = (
					"$(inherited)",
					"@executable_path/Frameworks",
				);
				PRODUCT_BUNDLE_IDENTIFIER = com.liang.StopDrunkDriving;
				PRODUCT_NAME = "$(TARGET_NAME)";
				SWIFT_VERSION = 4.2;
				TARGETED_DEVICE_FAMILY = "1,2";
			};
			name = Release;
		};
/* End XCBuildConfiguration section */

/* Begin XCConfigurationList section */
		561B9F452180DAB300BE53A1 /* Build configuration list for PBXProject "StopDrunkDriving" */ = {
			isa = XCConfigurationList;
			buildConfigurations = (
				561B9F5A2180DAB400BE53A1 /* Debug */,
				561B9F5B2180DAB400BE53A1 /* Release */,
			);
			defaultConfigurationIsVisible = 0;
			defaultConfigurationName = Release;
		};
		561B9F5C2180DAB400BE53A1 /* Build configuration list for PBXNativeTarget "StopDrunkDriving" */ = {
			isa = XCConfigurationList;
			buildConfigurations = (
				561B9F5D2180DAB400BE53A1 /* Debug */,
				561B9F5E2180DAB400BE53A1 /* Release */,
			);
			defaultConfigurationIsVisible = 0;
			defaultConfigurationName = Release;
		};
/* End XCConfigurationList section */
	};
	rootObject = 561B9F422180DAB300BE53A1 /* Project object */;
}
